<?xml version="1.0" encoding="utf-8"?>
<Project ToolsVersion="4.0" xmlns="http://schemas.microsoft.com/developer/msbuild/2003">
  <ItemGroup>
    <Filter Include="Source files">
      <UniqueIdentifier>{95e07919-40dd-4f60-8d6e-fae4d86e7960}</UniqueIdentifier>
      <Extensions>cpp;c;cc;cxx;def;odl;idl;hpj;bat;asm;asmx</Extensions>
    </Filter>
    <Filter Include="Header files">
      <UniqueIdentifier>{551a6a02-9713-4ccc-876d-c4d667e1e7ed}</UniqueIdentifier>
      <Extensions>h;hpp;hxx;hm;inl;inc;xsd</Extensions>
    </Filter>
    <Filter Include="Resource files">
      <UniqueIdentifier>{7f3126df-2c66-44ae-967e-0b8777aa29cd}</UniqueIdentifier>
      <Extensions>rc;ico;cur;bmp;dlg;rc2;rct;bin;rgs;gif;jpg;jpeg;jpe;resx;tiff;tif;png;wav</Extensions>
    </Filter>
    <Filter Include="Make files">
      <UniqueIdentifier>{f0e0f3e5-6190-4758-b7b6-cd7cded40382}</UniqueIdentifier>
      <Extensions>*.mak</Extensions>
    </Filter>
  </ItemGroup>
  <ItemGroup>
    <ClCompile Include="ROSLinuxTest1.cpp">
      <Filter>Source files</Filter>
    </ClCompile>
    <ClCompile Include="imu_ros_i.cpp">
      <Filter>Source files</Filter>
    </ClCompile>
    <ClCompile Include="Phidget.cpp">
      <Filter>Source files</Filter>
    </ClCompile>
    <ClCompile Include="imu.cpp">
      <Filter>Source files</Filter>
    </ClCompile>
    <ClCompile Include="imu_filter.cpp">
      <Filter>Source files</Filter>
    </ClCompile>
  </ItemGroup>
  <ItemGroup>
    <None Include="Makefile" />
    <None Include="debug.mak">
      <Filter>Make files</Filter>
    </None>
    <None Include="release.mak">
      <Filter>Make files</Filter>
    </None>
  </ItemGroup>
  <ItemGroup>
    <ClInclude Include="imu_ros_i.h">
      <Filter>Header files</Filter>
    </ClInclude>
    <ClInclude Include="phidgets_api\imu.h">
      <Filter>Header files</Filter>
    </ClInclude>
    <ClInclude Include="phidgets_api\phidget.h">
      <Filter>Header files</Filter>
    </ClInclude>
    <ClInclude Include="phidgets_api\phidget21.h">
      <Filter>Header files</Filter>
    </ClInclude>
    <ClInclude Include="phidgets_api\phidgets_imu_nodelet.h">
      <Filter>Header files</Filter>
    </ClInclude>
    <ClInclude Include="phidgets_api\imu_filter.h">
      <Filter>Header files</Filter>
    </ClInclude>
    <ClInclude Include="phidgets_api\imu_filter_nodelet.h">
      <Filter>Header files</Filter>
    </ClInclude>
  </ItemGroup>
</Project>